// !$*UTF8*$!
{
	archiveVersion = 1;
	classes = {
	};
	objectVersion = 51;
	objects = {

/* Begin PBXBuildFile section */
		1C4B52B55D1A044755B81BD6 /* Pods_GithubSearchUser_GithubSearchUserTests.framework in Frameworks */ = {isa = PBXBuildFile; fileRef = A69153184376E46B5C389905 /* Pods_GithubSearchUser_GithubSearchUserTests.framework */; };
		AD36AC1EB64654792947A25F /* Pods_GithubSearchUser.framework in Frameworks */ = {isa = PBXBuildFile; fileRef = 16730B4EDD505AFDB4BCEFB4 /* Pods_GithubSearchUser.framework */; };
		D0163BFA253BCF6B0061DF4A /* SearchUserService.swift in Sources */ = {isa = PBXBuildFile; fileRef = D0163BF9253BCF6B0061DF4A /* SearchUserService.swift */; };
		D0163C33253C6BBC0061DF4A /* NetworkError.swift in Sources */ = {isa = PBXBuildFile; fileRef = D0163C32253C6BBC0061DF4A /* NetworkError.swift */; };
		D0163C37253C6BE90061DF4A /* User.swift in Sources */ = {isa = PBXBuildFile; fileRef = D0163C36253C6BE90061DF4A /* User.swift */; };
		D0163C3B253D9E380061DF4A /* SearchUserServiceStub.swift in Sources */ = {isa = PBXBuildFile; fileRef = D0163C3A253D9E380061DF4A /* SearchUserServiceStub.swift */; };
		D0163C55253DA3290061DF4A /* SampleData.swift in Sources */ = {isa = PBXBuildFile; fileRef = D0163C54253DA3290061DF4A /* SampleData.swift */; };
		D0308447253AEBB800D69CF4 /* AppDelegate.swift in Sources */ = {isa = PBXBuildFile; fileRef = D0308446253AEBB800D69CF4 /* AppDelegate.swift */; };
		D0308449253AEBB800D69CF4 /* SceneDelegate.swift in Sources */ = {isa = PBXBuildFile; fileRef = D0308448253AEBB800D69CF4 /* SceneDelegate.swift */; };
		D030844B253AEBB800D69CF4 /* SearchUserViewController.swift in Sources */ = {isa = PBXBuildFile; fileRef = D030844A253AEBB800D69CF4 /* SearchUserViewController.swift */; };
		D030844E253AEBB800D69CF4 /* SearchUser.storyboard in Resources */ = {isa = PBXBuildFile; fileRef = D030844C253AEBB800D69CF4 /* SearchUser.storyboard */; };
		D0308450253AEBB900D69CF4 /* Assets.xcassets in Resources */ = {isa = PBXBuildFile; fileRef = D030844F253AEBB900D69CF4 /* Assets.xcassets */; };
		D0308453253AEBB900D69CF4 /* LaunchScreen.storyboard in Resources */ = {isa = PBXBuildFile; fileRef = D0308451253AEBB900D69CF4 /* LaunchScreen.storyboard */; };
		D030845E253AEBB900D69CF4 /* GithubSearchUserTests.swift in Sources */ = {isa = PBXBuildFile; fileRef = D030845D253AEBB900D69CF4 /* GithubSearchUserTests.swift */; };
		D080DFFE253FEA8400832B22 /* UIScrollView + Ex.swift in Sources */ = {isa = PBXBuildFile; fileRef = D080DFFD253FEA8400832B22 /* UIScrollView + Ex.swift */; };
		D080E009253FF54C00832B22 /* SearchUserReactorTests.swift in Sources */ = {isa = PBXBuildFile; fileRef = D080E008253FF54C00832B22 /* SearchUserReactorTests.swift */; };
		D0A2E75C253E98AA00F70B88 /* SearchUserReactor.swift in Sources */ = {isa = PBXBuildFile; fileRef = D0A2E75B253E98AA00F70B88 /* SearchUserReactor.swift */; };
		D0A2E77A253F2B2100F70B88 /* UserCell.swift in Sources */ = {isa = PBXBuildFile; fileRef = D0A2E778253F2B2100F70B88 /* UserCell.swift */; };
		D0A2E77B253F2B2100F70B88 /* UserCell.xib in Resources */ = {isa = PBXBuildFile; fileRef = D0A2E779253F2B2100F70B88 /* UserCell.xib */; };
		D0AF945F2547F30B001D3D9B /* SearchUserViewControllerTests.swift in Sources */ = {isa = PBXBuildFile; fileRef = D0AF945E2547F30B001D3D9B /* SearchUserViewControllerTests.swift */; };
		D0AF94B9254855BE001D3D9B /* API.swift in Sources */ = {isa = PBXBuildFile; fileRef = D0AF94B8254855BE001D3D9B /* API.swift */; };
/* End PBXBuildFile section */

/* Begin PBXContainerItemProxy section */
		D030845A253AEBB900D69CF4 /* PBXContainerItemProxy */ = {
			isa = PBXContainerItemProxy;
			containerPortal = D030843B253AEBB800D69CF4 /* Project object */;
			proxyType = 1;
			remoteGlobalIDString = D0308442253AEBB800D69CF4;
			remoteInfo = GithubSearchUser;
		};
/* End PBXContainerItemProxy section */

/* Begin PBXFileReference section */
		115B1526BEBEFA323CDF36A3 /* Pods-GithubSearchUser.release.xcconfig */ = {isa = PBXFileReference; includeInIndex = 1; lastKnownFileType = text.xcconfig; name = "Pods-GithubSearchUser.release.xcconfig"; path = "Target Support Files/Pods-GithubSearchUser/Pods-GithubSearchUser.release.xcconfig"; sourceTree = "<group>"; };
		16730B4EDD505AFDB4BCEFB4 /* Pods_GithubSearchUser.framework */ = {isa = PBXFileReference; explicitFileType = wrapper.framework; includeInIndex = 0; path = Pods_GithubSearchUser.framework; sourceTree = BUILT_PRODUCTS_DIR; };
		39B64638B28F4AF1B8E2B8BE /* Pods-GithubSearchUser.debug.xcconfig */ = {isa = PBXFileReference; includeInIndex = 1; lastKnownFileType = text.xcconfig; name = "Pods-GithubSearchUser.debug.xcconfig"; path = "Target Support Files/Pods-GithubSearchUser/Pods-GithubSearchUser.debug.xcconfig"; sourceTree = "<group>"; };
		83AA154E36E66B071AF4DC50 /* Pods-GithubSearchUser-GithubSearchUserTests.release.xcconfig */ = {isa = PBXFileReference; includeInIndex = 1; lastKnownFileType = text.xcconfig; name = "Pods-GithubSearchUser-GithubSearchUserTests.release.xcconfig"; path = "Target Support Files/Pods-GithubSearchUser-GithubSearchUserTests/Pods-GithubSearchUser-GithubSearchUserTests.release.xcconfig"; sourceTree = "<group>"; };
		A69153184376E46B5C389905 /* Pods_GithubSearchUser_GithubSearchUserTests.framework */ = {isa = PBXFileReference; explicitFileType = wrapper.framework; includeInIndex = 0; path = Pods_GithubSearchUser_GithubSearchUserTests.framework; sourceTree = BUILT_PRODUCTS_DIR; };
		BFB017C35595D378B39B3D3D /* Pods-GithubSearchUser-GithubSearchUserTests.debug.xcconfig */ = {isa = PBXFileReference; includeInIndex = 1; lastKnownFileType = text.xcconfig; name = "Pods-GithubSearchUser-GithubSearchUserTests.debug.xcconfig"; path = "Target Support Files/Pods-GithubSearchUser-GithubSearchUserTests/Pods-GithubSearchUser-GithubSearchUserTests.debug.xcconfig"; sourceTree = "<group>"; };
		D0163BF9253BCF6B0061DF4A /* SearchUserService.swift */ = {isa = PBXFileReference; lastKnownFileType = sourcecode.swift; path = SearchUserService.swift; sourceTree = "<group>"; };
		D0163C32253C6BBC0061DF4A /* NetworkError.swift */ = {isa = PBXFileReference; lastKnownFileType = sourcecode.swift; path = NetworkError.swift; sourceTree = "<group>"; };
		D0163C36253C6BE90061DF4A /* User.swift */ = {isa = PBXFileReference; lastKnownFileType = sourcecode.swift; path = User.swift; sourceTree = "<group>"; };
		D0163C3A253D9E380061DF4A /* SearchUserServiceStub.swift */ = {isa = PBXFileReference; lastKnownFileType = sourcecode.swift; path = SearchUserServiceStub.swift; sourceTree = "<group>"; };
		D0163C54253DA3290061DF4A /* SampleData.swift */ = {isa = PBXFileReference; lastKnownFileType = sourcecode.swift; path = SampleData.swift; sourceTree = "<group>"; };
		D0308443253AEBB800D69CF4 /* GithubSearchUser.app */ = {isa = PBXFileReference; explicitFileType = wrapper.application; includeInIndex = 0; path = GithubSearchUser.app; sourceTree = BUILT_PRODUCTS_DIR; };
		D0308446253AEBB800D69CF4 /* AppDelegate.swift */ = {isa = PBXFileReference; lastKnownFileType = sourcecode.swift; path = AppDelegate.swift; sourceTree = "<group>"; };
		D0308448253AEBB800D69CF4 /* SceneDelegate.swift */ = {isa = PBXFileReference; lastKnownFileType = sourcecode.swift; path = SceneDelegate.swift; sourceTree = "<group>"; };
		D030844A253AEBB800D69CF4 /* SearchUserViewController.swift */ = {isa = PBXFileReference; lastKnownFileType = sourcecode.swift; path = SearchUserViewController.swift; sourceTree = "<group>"; };
		D030844D253AEBB800D69CF4 /* Base */ = {isa = PBXFileReference; lastKnownFileType = file.storyboard; name = Base; path = Base.lproj/SearchUser.storyboard; sourceTree = "<group>"; };
		D030844F253AEBB900D69CF4 /* Assets.xcassets */ = {isa = PBXFileReference; lastKnownFileType = folder.assetcatalog; path = Assets.xcassets; sourceTree = "<group>"; };
		D0308452253AEBB900D69CF4 /* Base */ = {isa = PBXFileReference; lastKnownFileType = file.storyboard; name = Base; path = Base.lproj/LaunchScreen.storyboard; sourceTree = "<group>"; };
		D0308454253AEBB900D69CF4 /* Info.plist */ = {isa = PBXFileReference; lastKnownFileType = text.plist.xml; path = Info.plist; sourceTree = "<group>"; };
		D0308459253AEBB900D69CF4 /* GithubSearchUserTests.xctest */ = {isa = PBXFileReference; explicitFileType = wrapper.cfbundle; includeInIndex = 0; path = GithubSearchUserTests.xctest; sourceTree = BUILT_PRODUCTS_DIR; };
		D030845D253AEBB900D69CF4 /* GithubSearchUserTests.swift */ = {isa = PBXFileReference; lastKnownFileType = sourcecode.swift; path = GithubSearchUserTests.swift; sourceTree = "<group>"; };
		D030845F253AEBB900D69CF4 /* Info.plist */ = {isa = PBXFileReference; lastKnownFileType = text.plist.xml; path = Info.plist; sourceTree = "<group>"; };
		D080DFFD253FEA8400832B22 /* UIScrollView + Ex.swift */ = {isa = PBXFileReference; lastKnownFileType = sourcecode.swift; path = "UIScrollView + Ex.swift"; sourceTree = "<group>"; };
		D080E008253FF54C00832B22 /* SearchUserReactorTests.swift */ = {isa = PBXFileReference; lastKnownFileType = sourcecode.swift; path = SearchUserReactorTests.swift; sourceTree = "<group>"; };
		D0A2E75B253E98AA00F70B88 /* SearchUserReactor.swift */ = {isa = PBXFileReference; lastKnownFileType = sourcecode.swift; path = SearchUserReactor.swift; sourceTree = "<group>"; };
		D0A2E778253F2B2100F70B88 /* UserCell.swift */ = {isa = PBXFileReference; lastKnownFileType = sourcecode.swift; path = UserCell.swift; sourceTree = "<group>"; };
		D0A2E779253F2B2100F70B88 /* UserCell.xib */ = {isa = PBXFileReference; lastKnownFileType = file.xib; path = UserCell.xib; sourceTree = "<group>"; };
		D0AF945E2547F30B001D3D9B /* SearchUserViewControllerTests.swift */ = {isa = PBXFileReference; lastKnownFileType = sourcecode.swift; path = SearchUserViewControllerTests.swift; sourceTree = "<group>"; };
		D0AF94B8254855BE001D3D9B /* API.swift */ = {isa = PBXFileReference; lastKnownFileType = sourcecode.swift; path = API.swift; sourceTree = "<group>"; };
/* End PBXFileReference section */

/* Begin PBXFrameworksBuildPhase section */
		D0308440253AEBB800D69CF4 /* Frameworks */ = {
			isa = PBXFrameworksBuildPhase;
			buildActionMask = 2147483647;
			files = (
				AD36AC1EB64654792947A25F /* Pods_GithubSearchUser.framework in Frameworks */,
			);
			runOnlyForDeploymentPostprocessing = 0;
		};
		D0308456253AEBB900D69CF4 /* Frameworks */ = {
			isa = PBXFrameworksBuildPhase;
			buildActionMask = 2147483647;
			files = (
				1C4B52B55D1A044755B81BD6 /* Pods_GithubSearchUser_GithubSearchUserTests.framework in Frameworks */,
			);
			runOnlyForDeploymentPostprocessing = 0;
		};
/* End PBXFrameworksBuildPhase section */

/* Begin PBXGroup section */
		40ECCCB3201EF5D1B4309A63 /* Pods */ = {
			isa = PBXGroup;
			children = (
				39B64638B28F4AF1B8E2B8BE /* Pods-GithubSearchUser.debug.xcconfig */,
				115B1526BEBEFA323CDF36A3 /* Pods-GithubSearchUser.release.xcconfig */,
				BFB017C35595D378B39B3D3D /* Pods-GithubSearchUser-GithubSearchUserTests.debug.xcconfig */,
				83AA154E36E66B071AF4DC50 /* Pods-GithubSearchUser-GithubSearchUserTests.release.xcconfig */,
			);
			name = Pods;
			path = ../Pods;
			sourceTree = "<group>";
		};
		8A576A2EA424EF2AC922F45A /* Frameworks */ = {
			isa = PBXGroup;
			children = (
				16730B4EDD505AFDB4BCEFB4 /* Pods_GithubSearchUser.framework */,
				A69153184376E46B5C389905 /* Pods_GithubSearchUser_GithubSearchUserTests.framework */,
			);
			name = Frameworks;
			sourceTree = "<group>";
		};
		D030843A253AEBB800D69CF4 = {
			isa = PBXGroup;
			children = (
				D0308445253AEBB800D69CF4 /* Sources */,
				D030845C253AEBB900D69CF4 /* GithubSearchUserTests */,
				D0308444253AEBB800D69CF4 /* Products */,
				8A576A2EA424EF2AC922F45A /* Frameworks */,
				40ECCCB3201EF5D1B4309A63 /* Pods */,
			);
			sourceTree = "<group>";
		};
		D0308444253AEBB800D69CF4 /* Products */ = {
			isa = PBXGroup;
			children = (
				D0308443253AEBB800D69CF4 /* GithubSearchUser.app */,
				D0308459253AEBB900D69CF4 /* GithubSearchUserTests.xctest */,
			);
			name = Products;
			sourceTree = "<group>";
		};
		D0308445253AEBB800D69CF4 /* Sources */ = {
			isa = PBXGroup;
			children = (
				D0308446253AEBB800D69CF4 /* AppDelegate.swift */,
				D0308448253AEBB800D69CF4 /* SceneDelegate.swift */,
				D080E005253FEBF000832B22 /* Network */,
				D080E004253FEBD900832B22 /* ViewController */,
				D080E003253FEBCC00832B22 /* View */,
				D080E002253FEBC400832B22 /* Ex */,
				D080E001253FEB8700832B22 /* Models */,
				D030844F253AEBB900D69CF4 /* Assets.xcassets */,
				D0308451253AEBB900D69CF4 /* LaunchScreen.storyboard */,
				D0308454253AEBB900D69CF4 /* Info.plist */,
			);
			path = Sources;
			sourceTree = "<group>";
		};
		D030845C253AEBB900D69CF4 /* GithubSearchUserTests */ = {
			isa = PBXGroup;
			children = (
				D030845D253AEBB900D69CF4 /* GithubSearchUserTests.swift */,
				D080E008253FF54C00832B22 /* SearchUserReactorTests.swift */,
				D0AF945E2547F30B001D3D9B /* SearchUserViewControllerTests.swift */,
				D030845F253AEBB900D69CF4 /* Info.plist */,
				D0163C3A253D9E380061DF4A /* SearchUserServiceStub.swift */,
				D0163C54253DA3290061DF4A /* SampleData.swift */,
			);
			path = GithubSearchUserTests;
			sourceTree = "<group>";
		};
		D080E001253FEB8700832B22 /* Models */ = {
			isa = PBXGroup;
			children = (
				D0163C36253C6BE90061DF4A /* User.swift */,
			);
			path = Models;
			sourceTree = "<group>";
		};
		D080E002253FEBC400832B22 /* Ex */ = {
			isa = PBXGroup;
			children = (
				D080DFFD253FEA8400832B22 /* UIScrollView + Ex.swift */,
			);
			path = Ex;
			sourceTree = "<group>";
		};
		D080E003253FEBCC00832B22 /* View */ = {
			isa = PBXGroup;
			children = (
				D0A2E778253F2B2100F70B88 /* UserCell.swift */,
				D0A2E779253F2B2100F70B88 /* UserCell.xib */,
			);
			path = View;
			sourceTree = "<group>";
		};
		D080E004253FEBD900832B22 /* ViewController */ = {
			isa = PBXGroup;
			children = (
				D030844A253AEBB800D69CF4 /* SearchUserViewController.swift */,
				D0A2E75B253E98AA00F70B88 /* SearchUserReactor.swift */,
				D030844C253AEBB800D69CF4 /* SearchUser.storyboard */,
			);
			path = ViewController;
			sourceTree = "<group>";
		};
		D080E005253FEBF000832B22 /* Network */ = {
			isa = PBXGroup;
			children = (
				D0163C32253C6BBC0061DF4A /* NetworkError.swift */,
				D0163BF9253BCF6B0061DF4A /* SearchUserService.swift */,
				D0AF94B8254855BE001D3D9B /* API.swift */,
			);
			path = Network;
			sourceTree = "<group>";
		};
/* End PBXGroup section */

/* Begin PBXNativeTarget section */
		D0308442253AEBB800D69CF4 /* GithubSearchUser */ = {
			isa = PBXNativeTarget;
			buildConfigurationList = D030846D253AEBB900D69CF4 /* Build configuration list for PBXNativeTarget "GithubSearchUser" */;
			buildPhases = (
				30B7EF7BFADF1408D4E74A82 /* [CP] Check Pods Manifest.lock */,
				D030843F253AEBB800D69CF4 /* Sources */,
				D0308440253AEBB800D69CF4 /* Frameworks */,
				D0308441253AEBB800D69CF4 /* Resources */,
				60BAA1599B5BBBD6A4F0F3BA /* [CP] Embed Pods Frameworks */,
			);
			buildRules = (
			);
			dependencies = (
			);
			name = GithubSearchUser;
			productName = GithubSearchUser;
			productReference = D0308443253AEBB800D69CF4 /* GithubSearchUser.app */;
			productType = "com.apple.product-type.application";
		};
		D0308458253AEBB900D69CF4 /* GithubSearchUserTests */ = {
			isa = PBXNativeTarget;
			buildConfigurationList = D0308470253AEBB900D69CF4 /* Build configuration list for PBXNativeTarget "GithubSearchUserTests" */;
			buildPhases = (
				1AC88CF083E409A3D7B4ED41 /* [CP] Check Pods Manifest.lock */,
				D0308455253AEBB900D69CF4 /* Sources */,
				D0308456253AEBB900D69CF4 /* Frameworks */,
				D0308457253AEBB900D69CF4 /* Resources */,
				52F416812050478FD594A085 /* [CP] Embed Pods Frameworks */,
			);
			buildRules = (
			);
			dependencies = (
				D030845B253AEBB900D69CF4 /* PBXTargetDependency */,
			);
			name = GithubSearchUserTests;
			productName = GithubSearchUserTests;
			productReference = D0308459253AEBB900D69CF4 /* GithubSearchUserTests.xctest */;
			productType = "com.apple.product-type.bundle.unit-test";
		};
/* End PBXNativeTarget section */

/* Begin PBXProject section */
		D030843B253AEBB800D69CF4 /* Project object */ = {
			isa = PBXProject;
			attributes = {
				LastSwiftUpdateCheck = 1200;
				LastUpgradeCheck = 1200;
				TargetAttributes = {
					D0308442253AEBB800D69CF4 = {
						CreatedOnToolsVersion = 12.0.1;
					};
					D0308458253AEBB900D69CF4 = {
						CreatedOnToolsVersion = 12.0.1;
						TestTargetID = D0308442253AEBB800D69CF4;
					};
				};
			};
			buildConfigurationList = D030843E253AEBB800D69CF4 /* Build configuration list for PBXProject "GithubSearchUser" */;
			compatibilityVersion = "Xcode 9.3";
			developmentRegion = en;
			hasScannedForEncodings = 0;
			knownRegions = (
				en,
				Base,
			);
			mainGroup = D030843A253AEBB800D69CF4;
			productRefGroup = D0308444253AEBB800D69CF4 /* Products */;
			projectDirPath = "";
			projectRoot = "";
			targets = (
				D0308442253AEBB800D69CF4 /* GithubSearchUser */,
				D0308458253AEBB900D69CF4 /* GithubSearchUserTests */,
			);
		};
/* End PBXProject section */

/* Begin PBXResourcesBuildPhase section */
		D0308441253AEBB800D69CF4 /* Resources */ = {
			isa = PBXResourcesBuildPhase;
			buildActionMask = 2147483647;
			files = (
				D0A2E77B253F2B2100F70B88 /* UserCell.xib in Resources */,
				D0308453253AEBB900D69CF4 /* LaunchScreen.storyboard in Resources */,
				D0308450253AEBB900D69CF4 /* Assets.xcassets in Resources */,
				D030844E253AEBB800D69CF4 /* SearchUser.storyboard in Resources */,
			);
			runOnlyForDeploymentPostprocessing = 0;
		};
		D0308457253AEBB900D69CF4 /* Resources */ = {
			isa = PBXResourcesBuildPhase;
			buildActionMask = 2147483647;
			files = (
			);
			runOnlyForDeploymentPostprocessing = 0;
		};
/* End PBXResourcesBuildPhase section */

/* Begin PBXShellScriptBuildPhase section */
		1AC88CF083E409A3D7B4ED41 /* [CP] Check Pods Manifest.lock */ = {
			isa = PBXShellScriptBuildPhase;
			buildActionMask = 2147483647;
			files = (
			);
			inputFileListPaths = (
			);
			inputPaths = (
				"${PODS_PODFILE_DIR_PATH}/Podfile.lock",
				"${PODS_ROOT}/Manifest.lock",
			);
			name = "[CP] Check Pods Manifest.lock";
			outputFileListPaths = (
			);
			outputPaths = (
				"$(DERIVED_FILE_DIR)/Pods-GithubSearchUser-GithubSearchUserTests-checkManifestLockResult.txt",
			);
			runOnlyForDeploymentPostprocessing = 0;
			shellPath = /bin/sh;
			shellScript = "diff \"${PODS_PODFILE_DIR_PATH}/Podfile.lock\" \"${PODS_ROOT}/Manifest.lock\" > /dev/null\nif [ $? != 0 ] ; then\n    # print error to STDERR\n    echo \"error: The sandbox is not in sync with the Podfile.lock. Run 'pod install' or update your CocoaPods installation.\" >&2\n    exit 1\nfi\n# This output is used by Xcode 'outputs' to avoid re-running this script phase.\necho \"SUCCESS\" > \"${SCRIPT_OUTPUT_FILE_0}\"\n";
			showEnvVarsInLog = 0;
		};
		30B7EF7BFADF1408D4E74A82 /* [CP] Check Pods Manifest.lock */ = {
			isa = PBXShellScriptBuildPhase;
			buildActionMask = 2147483647;
			files = (
			);
			inputFileListPaths = (
			);
			inputPaths = (
				"${PODS_PODFILE_DIR_PATH}/Podfile.lock",
				"${PODS_ROOT}/Manifest.lock",
			);
			name = "[CP] Check Pods Manifest.lock";
			outputFileListPaths = (
			);
			outputPaths = (
				"$(DERIVED_FILE_DIR)/Pods-GithubSearchUser-checkManifestLockResult.txt",
			);
			runOnlyForDeploymentPostprocessing = 0;
			shellPath = /bin/sh;
			shellScript = "diff \"${PODS_PODFILE_DIR_PATH}/Podfile.lock\" \"${PODS_ROOT}/Manifest.lock\" > /dev/null\nif [ $? != 0 ] ; then\n    # print error to STDERR\n    echo \"error: The sandbox is not in sync with the Podfile.lock. Run 'pod install' or update your CocoaPods installation.\" >&2\n    exit 1\nfi\n# This output is used by Xcode 'outputs' to avoid re-running this script phase.\necho \"SUCCESS\" > \"${SCRIPT_OUTPUT_FILE_0}\"\n";
			showEnvVarsInLog = 0;
		};
		52F416812050478FD594A085 /* [CP] Embed Pods Frameworks */ = {
			isa = PBXShellScriptBuildPhase;
			buildActionMask = 2147483647;
			files = (
			);
			inputFileListPaths = (
				"${PODS_ROOT}/Target Support Files/Pods-GithubSearchUser-GithubSearchUserTests/Pods-GithubSearchUser-GithubSearchUserTests-frameworks-${CONFIGURATION}-input-files.xcfilelist",
			);
			name = "[CP] Embed Pods Frameworks";
			outputFileListPaths = (
				"${PODS_ROOT}/Target Support Files/Pods-GithubSearchUser-GithubSearchUserTests/Pods-GithubSearchUser-GithubSearchUserTests-frameworks-${CONFIGURATION}-output-files.xcfilelist",
			);
			runOnlyForDeploymentPostprocessing = 0;
			shellPath = /bin/sh;
			shellScript = "\"${PODS_ROOT}/Target Support Files/Pods-GithubSearchUser-GithubSearchUserTests/Pods-GithubSearchUser-GithubSearchUserTests-frameworks.sh\"\n";
			showEnvVarsInLog = 0;
		};
		60BAA1599B5BBBD6A4F0F3BA /* [CP] Embed Pods Frameworks */ = {
			isa = PBXShellScriptBuildPhase;
			buildActionMask = 2147483647;
			files = (
			);
			inputFileListPaths = (
				"${PODS_ROOT}/Target Support Files/Pods-GithubSearchUser/Pods-GithubSearchUser-frameworks-${CONFIGURATION}-input-files.xcfilelist",
			);
			name = "[CP] Embed Pods Frameworks";
			outputFileListPaths = (
				"${PODS_ROOT}/Target Support Files/Pods-GithubSearchUser/Pods-GithubSearchUser-frameworks-${CONFIGURATION}-output-files.xcfilelist",
			);
			runOnlyForDeploymentPostprocessing = 0;
			shellPath = /bin/sh;
			shellScript = "\"${PODS_ROOT}/Target Support Files/Pods-GithubSearchUser/Pods-GithubSearchUser-frameworks.sh\"\n";
			showEnvVarsInLog = 0;
		};
/* End PBXShellScriptBuildPhase section */

/* Begin PBXSourcesBuildPhase section */
		D030843F253AEBB800D69CF4 /* Sources */ = {
			isa = PBXSourcesBuildPhase;
			buildActionMask = 2147483647;
			files = (
				D0A2E77A253F2B2100F70B88 /* UserCell.swift in Sources */,
				D0163BFA253BCF6B0061DF4A /* SearchUserService.swift in Sources */,
				D030844B253AEBB800D69CF4 /* SearchUserViewController.swift in Sources */,
				D080DFFE253FEA8400832B22 /* UIScrollView + Ex.swift in Sources */,
				D0AF94B9254855BE001D3D9B /* API.swift in Sources */,
				D0163C37253C6BE90061DF4A /* User.swift in Sources */,
				D0A2E75C253E98AA00F70B88 /* SearchUserReactor.swift in Sources */,
				D0308447253AEBB800D69CF4 /* AppDelegate.swift in Sources */,
				D0308449253AEBB800D69CF4 /* SceneDelegate.swift in Sources */,
				D0163C33253C6BBC0061DF4A /* NetworkError.swift in Sources */,
			);
			runOnlyForDeploymentPostprocessing = 0;
		};
		D0308455253AEBB900D69CF4 /* Sources */ = {
			isa = PBXSourcesBuildPhase;
			buildActionMask = 2147483647;
			files = (
				D0163C3B253D9E380061DF4A /* SearchUserServiceStub.swift in Sources */,
				D0163C55253DA3290061DF4A /* SampleData.swift in Sources */,
				D030845E253AEBB900D69CF4 /* GithubSearchUserTests.swift in Sources */,
				D0AF945F2547F30B001D3D9B /* SearchUserViewControllerTests.swift in Sources */,
				D080E009253FF54C00832B22 /* SearchUserReactorTests.swift in Sources */,
			);
			runOnlyForDeploymentPostprocessing = 0;
		};
/* End PBXSourcesBuildPhase section */

/* Begin PBXTargetDependency section */
		D030845B253AEBB900D69CF4 /* PBXTargetDependency */ = {
			isa = PBXTargetDependency;
			target = D0308442253AEBB800D69CF4 /* GithubSearchUser */;
			targetProxy = D030845A253AEBB900D69CF4 /* PBXContainerItemProxy */;
		};
/* End PBXTargetDependency section */

/* Begin PBXVariantGroup section */
		D030844C253AEBB800D69CF4 /* SearchUser.storyboard */ = {
			isa = PBXVariantGroup;
			children = (
				D030844D253AEBB800D69CF4 /* Base */,
			);
			name = SearchUser.storyboard;
			sourceTree = "<group>";
		};
		D0308451253AEBB900D69CF4 /* LaunchScreen.storyboard */ = {
			isa = PBXVariantGroup;
			children = (
				D0308452253AEBB900D69CF4 /* Base */,
			);
			name = LaunchScreen.storyboard;
			sourceTree = "<group>";
		};
/* End PBXVariantGroup section */

/* Begin XCBuildConfiguration section */
		D030846B253AEBB900D69CF4 /* Debug */ = {
			isa = XCBuildConfiguration;
			buildSettings = {
				ALWAYS_SEARCH_USER_PATHS = NO;
				CLANG_ANALYZER_NONNULL = YES;
				CLANG_ANALYZER_NUMBER_OBJECT_CONVERSION = YES_AGGRESSIVE;
				CLANG_CXX_LANGUAGE_STANDARD = "gnu++14";
				CLANG_CXX_LIBRARY = "libc++";
				CLANG_ENABLE_MODULES = YES;
				CLANG_ENABLE_OBJC_ARC = YES;
				CLANG_ENABLE_OBJC_WEAK = YES;
				CLANG_WARN_BLOCK_CAPTURE_AUTORELEASING = YES;
				CLANG_WARN_BOOL_CONVERSION = YES;
				CLANG_WARN_COMMA = YES;
				CLANG_WARN_CONSTANT_CONVERSION = YES;
				CLANG_WARN_DEPRECATED_OBJC_IMPLEMENTATIONS = YES;
				CLANG_WARN_DIRECT_OBJC_ISA_USAGE = YES_ERROR;
				CLANG_WARN_DOCUMENTATION_COMMENTS = YES;
				CLANG_WARN_EMPTY_BODY = YES;
				CLANG_WARN_ENUM_CONVERSION = YES;
				CLANG_WARN_INFINITE_RECURSION = YES;
				CLANG_WARN_INT_CONVERSION = YES;
				CLANG_WARN_NON_LITERAL_NULL_CONVERSION = YES;
				CLANG_WARN_OBJC_IMPLICIT_RETAIN_SELF = YES;
				CLANG_WARN_OBJC_LITERAL_CONVERSION = YES;
				CLANG_WARN_OBJC_ROOT_CLASS = YES_ERROR;
				CLANG_WARN_QUOTED_INCLUDE_IN_FRAMEWORK_HEADER = YES;
				CLANG_WARN_RANGE_LOOP_ANALYSIS = YES;
				CLANG_WARN_STRICT_PROTOTYPES = YES;
				CLANG_WARN_SUSPICIOUS_MOVE = YES;
				CLANG_WARN_UNGUARDED_AVAILABILITY = YES_AGGRESSIVE;
				CLANG_WARN_UNREACHABLE_CODE = YES;
				CLANG_WARN__DUPLICATE_METHOD_MATCH = YES;
				COPY_PHASE_STRIP = NO;
				DEBUG_INFORMATION_FORMAT = dwarf;
				ENABLE_STRICT_OBJC_MSGSEND = YES;
				ENABLE_TESTABILITY = YES;
				GCC_C_LANGUAGE_STANDARD = gnu11;
				GCC_DYNAMIC_NO_PIC = NO;
				GCC_NO_COMMON_BLOCKS = YES;
				GCC_OPTIMIZATION_LEVEL = 0;
				GCC_PREPROCESSOR_DEFINITIONS = (
					"DEBUG=1",
					"$(inherited)",
				);
				GCC_WARN_64_TO_32_BIT_CONVERSION = YES;
				GCC_WARN_ABOUT_RETURN_TYPE = YES_ERROR;
				GCC_WARN_UNDECLARED_SELECTOR = YES;
				GCC_WARN_UNINITIALIZED_AUTOS = YES_AGGRESSIVE;
				GCC_WARN_UNUSED_FUNCTION = YES;
				GCC_WARN_UNUSED_VARIABLE = YES;
				IPHONEOS_DEPLOYMENT_TARGET = 14.0;
				MTL_ENABLE_DEBUG_INFO = INCLUDE_SOURCE;
				MTL_FAST_MATH = YES;
				ONLY_ACTIVE_ARCH = YES;
				SDKROOT = iphoneos;
				SWIFT_ACTIVE_COMPILATION_CONDITIONS = DEBUG;
				SWIFT_OPTIMIZATION_LEVEL = "-Onone";
			};
			name = Debug;
		};
		D030846C253AEBB900D69CF4 /* Release */ = {
			isa = XCBuildConfiguration;
			buildSettings = {
				ALWAYS_SEARCH_USER_PATHS = NO;
				CLANG_ANALYZER_NONNULL = YES;
				CLANG_ANALYZER_NUMBER_OBJECT_CONVERSION = YES_AGGRESSIVE;
				CLANG_CXX_LANGUAGE_STANDARD = "gnu++14";
				CLANG_CXX_LIBRARY = "libc++";
				CLANG_ENABLE_MODULES = YES;
				CLANG_ENABLE_OBJC_ARC = YES;
				CLANG_ENABLE_OBJC_WEAK = YES;
				CLANG_WARN_BLOCK_CAPTURE_AUTORELEASING = YES;
				CLANG_WARN_BOOL_CONVERSION = YES;
				CLANG_WARN_COMMA = YES;
				CLANG_WARN_CONSTANT_CONVERSION = YES;
				CLANG_WARN_DEPRECATED_OBJC_IMPLEMENTATIONS = YES;
				CLANG_WARN_DIRECT_OBJC_ISA_USAGE = YES_ERROR;
				CLANG_WARN_DOCUMENTATION_COMMENTS = YES;
				CLANG_WARN_EMPTY_BODY = YES;
				CLANG_WARN_ENUM_CONVERSION = YES;
				CLANG_WARN_INFINITE_RECURSION = YES;
				CLANG_WARN_INT_CONVERSION = YES;
				CLANG_WARN_NON_LITERAL_NULL_CONVERSION = YES;
				CLANG_WARN_OBJC_IMPLICIT_RETAIN_SELF = YES;
				CLANG_WARN_OBJC_LITERAL_CONVERSION = YES;
				CLANG_WARN_OBJC_ROOT_CLASS = YES_ERROR;
				CLANG_WARN_QUOTED_INCLUDE_IN_FRAMEWORK_HEADER = YES;
				CLANG_WARN_RANGE_LOOP_ANALYSIS = YES;
				CLANG_WARN_STRICT_PROTOTYPES = YES;
				CLANG_WARN_SUSPICIOUS_MOVE = YES;
				CLANG_WARN_UNGUARDED_AVAILABILITY = YES_AGGRESSIVE;
				CLANG_WARN_UNREACHABLE_CODE = YES;
				CLANG_WARN__DUPLICATE_METHOD_MATCH = YES;
				COPY_PHASE_STRIP = NO;
				DEBUG_INFORMATION_FORMAT = "dwarf-with-dsym";
				ENABLE_NS_ASSERTIONS = NO;
				ENABLE_STRICT_OBJC_MSGSEND = YES;
				GCC_C_LANGUAGE_STANDARD = gnu11;
				GCC_NO_COMMON_BLOCKS = YES;
				GCC_WARN_64_TO_32_BIT_CONVERSION = YES;
				GCC_WARN_ABOUT_RETURN_TYPE = YES_ERROR;
				GCC_WARN_UNDECLARED_SELECTOR = YES;
				GCC_WARN_UNINITIALIZED_AUTOS = YES_AGGRESSIVE;
				GCC_WARN_UNUSED_FUNCTION = YES;
				GCC_WARN_UNUSED_VARIABLE = YES;
				IPHONEOS_DEPLOYMENT_TARGET = 14.0;
				MTL_ENABLE_DEBUG_INFO = NO;
				MTL_FAST_MATH = YES;
				SDKROOT = iphoneos;
				SWIFT_COMPILATION_MODE = wholemodule;
				SWIFT_OPTIMIZATION_LEVEL = "-O";
				VALIDATE_PRODUCT = YES;
			};
			name = Release;
		};
		D030846E253AEBB900D69CF4 /* Debug */ = {
			isa = XCBuildConfiguration;
			baseConfigurationReference = 39B64638B28F4AF1B8E2B8BE /* Pods-GithubSearchUser.debug.xcconfig */;
			buildSettings = {
				ASSETCATALOG_COMPILER_APPICON_NAME = AppIcon;
				ASSETCATALOG_COMPILER_GLOBAL_ACCENT_COLOR_NAME = AccentColor;
				CODE_SIGN_STYLE = Automatic;
				DEVELOPMENT_TEAM = YJQB4DVQ35;
				INFOPLIST_FILE = "$(SRCROOT)/Sources/Info.plist";
				IPHONEOS_DEPLOYMENT_TARGET = 14.0;
				LD_RUNPATH_SEARCH_PATHS = (
					"$(inherited)",
					"@executable_path/Frameworks",
				);
				PRODUCT_BUNDLE_IDENTIFIER = org.wannagohome.GithubSearchUser;
				PRODUCT_NAME = "$(TARGET_NAME)";
				SWIFT_VERSION = 5.0;
				TARGETED_DEVICE_FAMILY = 1;
			};
			name = Debug;
		};
		D030846F253AEBB900D69CF4 /* Release */ = {
			isa = XCBuildConfiguration;
			baseConfigurationReference = 115B1526BEBEFA323CDF36A3 /* Pods-GithubSearchUser.release.xcconfig */;
			buildSettings = {
				ASSETCATALOG_COMPILER_APPICON_NAME = AppIcon;
				ASSETCATALOG_COMPILER_GLOBAL_ACCENT_COLOR_NAME = AccentColor;
				CODE_SIGN_STYLE = Automatic;
				DEVELOPMENT_TEAM = YJQB4DVQ35;
				INFOPLIST_FILE = "$(SRCROOT)/Sources/Info.plist";
				IPHONEOS_DEPLOYMENT_TARGET = 14.0;
				LD_RUNPATH_SEARCH_PATHS = (
					"$(inherited)",
					"@executable_path/Frameworks",
				);
				PRODUCT_BUNDLE_IDENTIFIER = org.wannagohome.GithubSearchUser;
				PRODUCT_NAME = "$(TARGET_NAME)";
				SWIFT_VERSION = 5.0;
				TARGETED_DEVICE_FAMILY = 1;
			};
			name = Release;
		};
		D0308471253AEBB900D69CF4 /* Debug */ = {
			isa = XCBuildConfiguration;
			baseConfigurationReference = BFB017C35595D378B39B3D3D /* Pods-GithubSearchUser-GithubSearchUserTests.debug.xcconfig */;
			buildSettings = {
				ALWAYS_EMBED_SWIFT_STANDARD_LIBRARIES = "$(inherited)";
				BUNDLE_LOADER = "$(TEST_HOST)";
				CODE_SIGN_STYLE = Automatic;
				DEVELOPMENT_TEAM = YJQB4DVQ35;
				INFOPLIST_FILE = GithubSearchUserTests/Info.plist;
				IPHONEOS_DEPLOYMENT_TARGET = 14.0;
				LD_RUNPATH_SEARCH_PATHS = (
					"$(inherited)",
					"@executable_path/Frameworks",
					"@loader_path/Frameworks",
				);
				PRODUCT_BUNDLE_IDENTIFIER = org.wannagohome.GithubSearchUserTests;
				PRODUCT_NAME = "$(TARGET_NAME)";
				SWIFT_VERSION = 5.0;
				TARGETED_DEVICE_FAMILY = "1,2";
				TEST_HOST = "$(BUILT_PRODUCTS_DIR)/GithubSearchUser.app/GithubSearchUser";
			};
			name = Debug;
		};
		D0308472253AEBB900D69CF4 /* Release */ = {
			isa = XCBuildConfiguration;
			baseConfigurationReference = 83AA154E36E66B071AF4DC50 /* Pods-GithubSearchUser-GithubSearchUserTests.release.xcconfig */;
			buildSettings = {
				ALWAYS_EMBED_SWIFT_STANDARD_LIBRARIES = "$(inherited)";
				BUNDLE_LOADER = "$(TEST_HOST)";
				CODE_SIGN_STYLE = Automatic;
				DEVELOPMENT_TEAM = YJQB4DVQ35;
				INFOPLIST_FILE = GithubSearchUserTests/Info.plist;
				IPHONEOS_DEPLOYMENT_TARGET = 14.0;
				LD_RUNPATH_SEARCH_PATHS = (
					"$(inherited)",
					"@executable_path/Frameworks",
					"@loader_path/Frameworks",
				);
				PRODUCT_BUNDLE_IDENTIFIER = org.wannagohome.GithubSearchUserTests;
				PRODUCT_NAME = "$(TARGET_NAME)";
				SWIFT_VERSION = 5.0;
				TARGETED_DEVICE_FAMILY = "1,2";
				TEST_HOST = "$(BUILT_PRODUCTS_DIR)/GithubSearchUser.app/GithubSearchUser";
			};
			name = Release;
		};
/* End XCBuildConfiguration section */

/* Begin XCConfigurationList section */
		D030843E253AEBB800D69CF4 /* Build configuration list for PBXProject "GithubSearchUser" */ = {
			isa = XCConfigurationList;
			buildConfigurations = (
				D030846B253AEBB900D69CF4 /* Debug */,
				D030846C253AEBB900D69CF4 /* Release */,
			);
			defaultConfigurationIsVisible = 0;
			defaultConfigurationName = Release;
		};
		D030846D253AEBB900D69CF4 /* Build configuration list for PBXNativeTarget "GithubSearchUser" */ = {
			isa = XCConfigurationList;
			buildConfigurations = (
				D030846E253AEBB900D69CF4 /* Debug */,
				D030846F253AEBB900D69CF4 /* Release */,
			);
			defaultConfigurationIsVisible = 0;
			defaultConfigurationName = Release;
		};
		D0308470253AEBB900D69CF4 /* Build configuration list for PBXNativeTarget "GithubSearchUserTests" */ = {
			isa = XCConfigurationList;
			buildConfigurations = (
				D0308471253AEBB900D69CF4 /* Debug */,
				D0308472253AEBB900D69CF4 /* Release */,
			);
			defaultConfigurationIsVisible = 0;
			defaultConfigurationName = Release;
		};
/* End XCConfigurationList section */
	};
	rootObject = D030843B253AEBB800D69CF4 /* Project object */;
}
