PODS:
  - Alamofire (5.3.0)
  - Kingfisher (5.15.6):
    - Kingfisher/Core (= 5.15.6)
  - Kingfisher/Core (5.15.6)
  - Kingfisher/SwiftUI (5.15.6):
    - Kingfisher/Core
  - ReactorKit (2.1.0):
    - RxSwift (~> 5.0)
    - WeakMapTable (~> 1.1)
  - RxCocoa (5.1.1):
    - RxRelay (~> 5)
    - RxSwift (~> 5)
  - RxRelay (5.1.1):
    - RxSwift (~> 5)
  - RxSwift (5.1.1)
  - RxTest (5.1.1):
    - RxSwift (~> 5)
  - WeakMapTable (1.2.0)

DEPENDENCIES:
  - Alamofire
  - Kingfisher
  - Kingfisher/SwiftUI
  - ReactorKit
  - RxCocoa
  - RxSwift
  - RxTest

SPEC REPOS:
  https://github.com/CocoaPods/Specs.git:
    - Alamofire
    - Kingfisher
    - ReactorKit
    - RxCocoa
    - RxRelay
    - RxSwift
    - RxTest
    - WeakMapTable

SPEC CHECKSUMS:
  Alamofire: 2c792affbdc2f18016e08fdbcacd60aebe1ba593
  Kingfisher: b3554e7bf6106115b44e8795300bad580ef2fdc7
  ReactorKit: 12a93358c554bb3f167b16b14c40374fa9cd5acd
  RxCocoa: 32065309a38d29b5b0db858819b5bf9ef038b601
  RxRelay: d77f7d771495f43c556cbc43eebd1bb54d01e8e9
  RxSwift: 81470a2074fa8780320ea5fe4102807cb7118178
  RxTest: 711632d5644dffbeb62c936a521b5b008a1e1faa
  WeakMapTable: 05c694ce8439a7a9ebabb56187287a63c57673d6

PODFILE CHECKSUM: f46f15e28c12c7bf0130f71cdd0a28be5240e4c5

COCOAPODS: 1.10.0
